
Microsoft Visual Studio Solution File, Format Version 11.00
# Visual Studio 2010
Project("{FAE04EC0-301F-11D3-BF4B-00C04F79EFBC}") = "BoSSS.Platform", "BoSSS.Platform.csproj", "{B7D5F7C7-EA9F-4506-AB69-C3CD2AA8C938}"
EndProject
Project("{FAE04EC0-301F-11D3-BF4B-00C04F79EFBC}") = "ilPSP", "..\..\..\ilPSP\layer_1.2-ilPSP\ilPSP\ilPSP.csproj", "{8E6D8F23-623F-4204-B4AB-A088C0CD83AA}"
EndProject
Project("{FAE04EC0-301F-11D3-BF4B-00C04F79EFBC}") = "MPI.Wrappers", "..\..\..\ilPSP\layer_1.1-MPI.NET\MPI.Wrappers\MPI.Wrappers.csproj", "{DD9BF776-38CA-4FC9-8F42-5ED700BDE7AD}"
EndProject
Global
	GlobalSection(SolutionConfigurationPlatforms) = preSolution
		Debug|Any CPU = Debug|Any CPU
		Release|Any CPU = Release|Any CPU
	EndGlobalSection
	GlobalSection(ProjectConfigurationPlatforms) = postSolution
		{B7D5F7C7-EA9F-4506-AB69-C3CD2AA8C938}.Debug|Any CPU.ActiveCfg = Debug|Any CPU
		{B7D5F7C7-EA9F-4506-AB69-C3CD2AA8C938}.Debug|Any CPU.Build.0 = Debug|Any CPU
		{B7D5F7C7-EA9F-4506-AB69-C3CD2AA8C938}.Release|Any CPU.ActiveCfg = Release|Any CPU
		{B7D5F7C7-EA9F-4506-AB69-C3CD2AA8C938}.Release|Any CPU.Build.0 = Release|Any CPU
		{8E6D8F23-623F-4204-B4AB-A088C0CD83AA}.Debug|Any CPU.ActiveCfg = Debug|Any CPU
		{8E6D8F23-623F-4204-B4AB-A088C0CD83AA}.Debug|Any CPU.Build.0 = Debug|Any CPU
		{8E6D8F23-623F-4204-B4AB-A088C0CD83AA}.Release|Any CPU.ActiveCfg = Release|Any CPU
		{8E6D8F23-623F-4204-B4AB-A088C0CD83AA}.Release|Any CPU.Build.0 = Release|Any CPU
		{DD9BF776-38CA-4FC9-8F42-5ED700BDE7AD}.Debug|Any CPU.ActiveCfg = Debug|Any CPU
		{DD9BF776-38CA-4FC9-8F42-5ED700BDE7AD}.Debug|Any CPU.Build.0 = Debug|Any CPU
		{DD9BF776-38CA-4FC9-8F42-5ED700BDE7AD}.Release|Any CPU.ActiveCfg = Release|Any CPU
		{DD9BF776-38CA-4FC9-8F42-5ED700BDE7AD}.Release|Any CPU.Build.0 = Release|Any CPU
	EndGlobalSection
	GlobalSection(SolutionProperties) = preSolution
		HideSolutionNode = FALSE
	EndGlobalSection
EndGlobal
