Microsoft Visual Studio Solution File, Format Version 11.00
# Visual Studio 2010
Project("{FAE04EC0-301F-11D3-BF4B-00C04F79EFBC}") = "ipViscosity", "ipViscosity.csproj", "{09CCE864-9BAE-4660-A123-F3F3414B6173}"
EndProject
Project("{FAE04EC0-301F-11D3-BF4B-00C04F79EFBC}") = "MPI.Wrappers", "..\..\..\ilPSP\layer_1.1-MPI.NET\MPI.Wrappers\MPI.Wrappers.csproj", "{DD9BF776-38CA-4FC9-8F42-5ED700BDE7AD}"
EndProject
Project("{FAE04EC0-301F-11D3-BF4B-00C04F79EFBC}") = "ilPSP.LinSolvers.PARDISO", "..\..\..\ilPSP\layer_1.2-ilPSP\ilPSP.LinSolvers.PARDISO\ilPSP.LinSolvers.PARDISO.csproj", "{DB9CA35D-9980-462A-85CC-CB33DCFD5A28}"
EndProject
Project("{FAE04EC0-301F-11D3-BF4B-00C04F79EFBC}") = "ilPSP.LinSolvers.HYPRE", "..\..\..\ilPSP\layer_1.2-ilPSP\ilPSP.LinSolvers.HYPRE\ilPSP.LinSolvers.HYPRE.csproj", "{332083B9-C7FD-4B04-95EC-B0C729B21883}"
EndProject
Project("{FAE04EC0-301F-11D3-BF4B-00C04F79EFBC}") = "ilPSP", "..\..\..\ilPSP\layer_1.2-ilPSP\ilPSP\ilPSP.csproj", "{8E6D8F23-623F-4204-B4AB-A088C0CD83AA}"
EndProject
Project("{FAE04EC0-301F-11D3-BF4B-00C04F79EFBC}") = "ilPSP.LinSolvers.GenPrecond", "..\..\..\ilPSP\layer_1.2-ilPSP\ilPSP.LinSolvers.GenPrecond\ilPSP.LinSolvers.GenPrecond.csproj", "{7797A64B-467F-416A-9523-6D9718AEB65D}"
EndProject
Project("{FAE04EC0-301F-11D3-BF4B-00C04F79EFBC}") = "ilPSP.LinSolvers.SolverFactory", "..\..\..\ilPSP\layer_1.2-ilPSP\ilPSP.LinSolvers.SolverFactory\ilPSP.LinSolvers.SolverFactory.csproj", "{45EFF2BD-0BCC-4AEA-9E87-7D86D6423B0C}"
EndProject
Project("{FAE04EC0-301F-11D3-BF4B-00C04F79EFBC}") = "ilPSP.LinSolvers.monkey", "..\..\..\ilPSP\layer_1.2-ilPSP\ilPSP.LinSolvers.monkey\ilPSP.LinSolvers.monkey.csproj", "{B18AEDC3-C7A5-4DA6-ABD3-E981B002ADDE}"
EndProject
Project("{FAE04EC0-301F-11D3-BF4B-00C04F79EFBC}") = "BoSSS.Foundation", "..\..\L2-foundation\BoSSS.Foundation\BoSSS.Foundation.csproj", "{17A60FBA-20B4-451D-98E1-8D742F368569}"
EndProject
Project("{FAE04EC0-301F-11D3-BF4B-00C04F79EFBC}") = "BoSSS.Foundation.Grid", "..\..\L2-foundation\BoSSS.Foundation.Grid\BoSSS.Foundation.Grid.csproj", "{13585226-5046-494D-947C-B97479566081}"
EndProject
Project("{FAE04EC0-301F-11D3-BF4B-00C04F79EFBC}") = "BoSSS.Platform", "..\..\L1-platform\BoSSS.Platform\BoSSS.Platform.csproj", "{B7D5F7C7-EA9F-4506-AB69-C3CD2AA8C938}"
EndProject
Project("{FAE04EC0-301F-11D3-BF4B-00C04F79EFBC}") = "BoSSS.Solution", "..\..\L3-solution\BoSSS.Solution\BoSSS.Solution.csproj", "{DF7F5ABD-E606-41CD-BEEF-31A95D136DEA}"
EndProject
Project("{FAE04EC0-301F-11D3-BF4B-00C04F79EFBC}") = "BoSSS.Solution.Tecplot", "..\..\L3-solution\BoSSS.Solution.Tecplot\BoSSS.Solution.Tecplot.csproj", "{D0546422-EC92-4964-82E9-8EE819A2F786}"
EndProject
Project("{FAE04EC0-301F-11D3-BF4B-00C04F79EFBC}") = "BoSSS.Solution.ZooOfOperators", "..\..\L3-solution\BoSSS.Solution.ZooOfOperators\BoSSS.Solution.ZooOfOperators.csproj", "{9590B312-ABD6-4663-8CFE-6B28A1810FBB}"
EndProject
Project("{FAE04EC0-301F-11D3-BF4B-00C04F79EFBC}") = "ilPSP.LinSolvers.Aztec", "..\..\..\ilPSP\layer_1.2-ilPSP\ilPSP.LinSolvers.Aztec\ilPSP.LinSolvers.Aztec.csproj", "{3C639B3B-34CF-4C20-9937-3003515FEC0E}"
EndProject
Project("{FAE04EC0-301F-11D3-BF4B-00C04F79EFBC}") = "ilPSP.Connectors.Matlab", "..\..\..\ilPSP\layer_1.2-ilPSP\ilPSP.Connectors.Matlab\ilPSP.Connectors.Matlab.csproj", "{6886ABB3-CE89-4537-9F2A-25F926D1840B}"
EndProject
Project("{FAE04EC0-301F-11D3-BF4B-00C04F79EFBC}") = "BoSSS.Foundation.XDG", "..\..\L2-foundation\BoSSS.Foundation.XDG\BoSSS.Foundation.XDG.csproj", "{9A8CDC1F-64F7-441E-849D-66F2C56600F2}"
EndProject
Project("{FAE04EC0-301F-11D3-BF4B-00C04F79EFBC}") = "BoSSS.Solution.NSECommon", "..\..\L3-solution\BoSSS.Solution.NSECommon\BoSSS.Solution.NSECommon.csproj", "{E56B9CE4-14DC-4256-A337-46E5D298B722}"
EndProject
Global
	GlobalSection(SolutionConfigurationPlatforms) = preSolution
		Debug|Any CPU = Debug|Any CPU
		Release|Any CPU = Release|Any CPU
	EndGlobalSection
	GlobalSection(ProjectConfigurationPlatforms) = postSolution
		{09CCE864-9BAE-4660-A123-F3F3414B6173}.Debug|Any CPU.ActiveCfg = Debug|Any CPU
		{09CCE864-9BAE-4660-A123-F3F3414B6173}.Debug|Any CPU.Build.0 = Debug|Any CPU
		{09CCE864-9BAE-4660-A123-F3F3414B6173}.Release|Any CPU.ActiveCfg = Release|Any CPU
		{09CCE864-9BAE-4660-A123-F3F3414B6173}.Release|Any CPU.Build.0 = Release|Any CPU
		{DD9BF776-38CA-4FC9-8F42-5ED700BDE7AD}.Debug|Any CPU.ActiveCfg = Debug|Any CPU
		{DD9BF776-38CA-4FC9-8F42-5ED700BDE7AD}.Debug|Any CPU.Build.0 = Debug|Any CPU
		{DD9BF776-38CA-4FC9-8F42-5ED700BDE7AD}.Release|Any CPU.ActiveCfg = Release|Any CPU
		{DD9BF776-38CA-4FC9-8F42-5ED700BDE7AD}.Release|Any CPU.Build.0 = Release|Any CPU
		{DB9CA35D-9980-462A-85CC-CB33DCFD5A28}.Debug|Any CPU.ActiveCfg = Debug|Any CPU
		{DB9CA35D-9980-462A-85CC-CB33DCFD5A28}.Debug|Any CPU.Build.0 = Debug|Any CPU
		{DB9CA35D-9980-462A-85CC-CB33DCFD5A28}.Release|Any CPU.ActiveCfg = Release|Any CPU
		{DB9CA35D-9980-462A-85CC-CB33DCFD5A28}.Release|Any CPU.Build.0 = Release|Any CPU
		{332083B9-C7FD-4B04-95EC-B0C729B21883}.Debug|Any CPU.ActiveCfg = Debug|Any CPU
		{332083B9-C7FD-4B04-95EC-B0C729B21883}.Debug|Any CPU.Build.0 = Debug|Any CPU
		{332083B9-C7FD-4B04-95EC-B0C729B21883}.Release|Any CPU.ActiveCfg = Release|Any CPU
		{332083B9-C7FD-4B04-95EC-B0C729B21883}.Release|Any CPU.Build.0 = Release|Any CPU
		{8E6D8F23-623F-4204-B4AB-A088C0CD83AA}.Debug|Any CPU.ActiveCfg = Debug|Any CPU
		{8E6D8F23-623F-4204-B4AB-A088C0CD83AA}.Debug|Any CPU.Build.0 = Debug|Any CPU
		{8E6D8F23-623F-4204-B4AB-A088C0CD83AA}.Release|Any CPU.ActiveCfg = Release|Any CPU
		{8E6D8F23-623F-4204-B4AB-A088C0CD83AA}.Release|Any CPU.Build.0 = Release|Any CPU
		{7797A64B-467F-416A-9523-6D9718AEB65D}.Debug|Any CPU.ActiveCfg = Debug|Any CPU
		{7797A64B-467F-416A-9523-6D9718AEB65D}.Debug|Any CPU.Build.0 = Debug|Any CPU
		{7797A64B-467F-416A-9523-6D9718AEB65D}.Release|Any CPU.ActiveCfg = Release|Any CPU
		{7797A64B-467F-416A-9523-6D9718AEB65D}.Release|Any CPU.Build.0 = Release|Any CPU
		{45EFF2BD-0BCC-4AEA-9E87-7D86D6423B0C}.Debug|Any CPU.ActiveCfg = Debug|Any CPU
		{45EFF2BD-0BCC-4AEA-9E87-7D86D6423B0C}.Debug|Any CPU.Build.0 = Debug|Any CPU
		{45EFF2BD-0BCC-4AEA-9E87-7D86D6423B0C}.Release|Any CPU.ActiveCfg = Release|Any CPU
		{45EFF2BD-0BCC-4AEA-9E87-7D86D6423B0C}.Release|Any CPU.Build.0 = Release|Any CPU
		{B18AEDC3-C7A5-4DA6-ABD3-E981B002ADDE}.Debug|Any CPU.ActiveCfg = Debug|Any CPU
		{B18AEDC3-C7A5-4DA6-ABD3-E981B002ADDE}.Debug|Any CPU.Build.0 = Debug|Any CPU
		{B18AEDC3-C7A5-4DA6-ABD3-E981B002ADDE}.Release|Any CPU.ActiveCfg = Release|Any CPU
		{B18AEDC3-C7A5-4DA6-ABD3-E981B002ADDE}.Release|Any CPU.Build.0 = Release|Any CPU
		{17A60FBA-20B4-451D-98E1-8D742F368569}.Debug|Any CPU.ActiveCfg = Debug|Any CPU
		{17A60FBA-20B4-451D-98E1-8D742F368569}.Debug|Any CPU.Build.0 = Debug|Any CPU
		{17A60FBA-20B4-451D-98E1-8D742F368569}.Release|Any CPU.ActiveCfg = Release|Any CPU
		{17A60FBA-20B4-451D-98E1-8D742F368569}.Release|Any CPU.Build.0 = Release|Any CPU
		{13585226-5046-494D-947C-B97479566081}.Debug|Any CPU.ActiveCfg = Debug|Any CPU
		{13585226-5046-494D-947C-B97479566081}.Debug|Any CPU.Build.0 = Debug|Any CPU
		{13585226-5046-494D-947C-B97479566081}.Release|Any CPU.ActiveCfg = Release|Any CPU
		{13585226-5046-494D-947C-B97479566081}.Release|Any CPU.Build.0 = Release|Any CPU
		{B7D5F7C7-EA9F-4506-AB69-C3CD2AA8C938}.Debug|Any CPU.ActiveCfg = Debug|Any CPU
		{B7D5F7C7-EA9F-4506-AB69-C3CD2AA8C938}.Debug|Any CPU.Build.0 = Debug|Any CPU
		{B7D5F7C7-EA9F-4506-AB69-C3CD2AA8C938}.Release|Any CPU.ActiveCfg = Release|Any CPU
		{B7D5F7C7-EA9F-4506-AB69-C3CD2AA8C938}.Release|Any CPU.Build.0 = Release|Any CPU
		{DF7F5ABD-E606-41CD-BEEF-31A95D136DEA}.Debug|Any CPU.ActiveCfg = Debug|Any CPU
		{DF7F5ABD-E606-41CD-BEEF-31A95D136DEA}.Debug|Any CPU.Build.0 = Debug|Any CPU
		{DF7F5ABD-E606-41CD-BEEF-31A95D136DEA}.Release|Any CPU.ActiveCfg = Release|Any CPU
		{DF7F5ABD-E606-41CD-BEEF-31A95D136DEA}.Release|Any CPU.Build.0 = Release|Any CPU
		{D0546422-EC92-4964-82E9-8EE819A2F786}.Debug|Any CPU.ActiveCfg = Debug|Any CPU
		{D0546422-EC92-4964-82E9-8EE819A2F786}.Debug|Any CPU.Build.0 = Debug|Any CPU
		{D0546422-EC92-4964-82E9-8EE819A2F786}.Release|Any CPU.ActiveCfg = Release|Any CPU
		{D0546422-EC92-4964-82E9-8EE819A2F786}.Release|Any CPU.Build.0 = Release|Any CPU
		{9590B312-ABD6-4663-8CFE-6B28A1810FBB}.Debug|Any CPU.ActiveCfg = Debug|Any CPU
		{9590B312-ABD6-4663-8CFE-6B28A1810FBB}.Debug|Any CPU.Build.0 = Debug|Any CPU
		{9590B312-ABD6-4663-8CFE-6B28A1810FBB}.Release|Any CPU.ActiveCfg = Release|Any CPU
		{9590B312-ABD6-4663-8CFE-6B28A1810FBB}.Release|Any CPU.Build.0 = Release|Any CPU
		{3C639B3B-34CF-4C20-9937-3003515FEC0E}.Debug|Any CPU.ActiveCfg = Debug|Any CPU
		{3C639B3B-34CF-4C20-9937-3003515FEC0E}.Debug|Any CPU.Build.0 = Debug|Any CPU
		{3C639B3B-34CF-4C20-9937-3003515FEC0E}.Release|Any CPU.ActiveCfg = Release|Any CPU
		{3C639B3B-34CF-4C20-9937-3003515FEC0E}.Release|Any CPU.Build.0 = Release|Any CPU
		{6886ABB3-CE89-4537-9F2A-25F926D1840B}.Debug|Any CPU.ActiveCfg = Debug|Any CPU
		{6886ABB3-CE89-4537-9F2A-25F926D1840B}.Debug|Any CPU.Build.0 = Debug|Any CPU
		{6886ABB3-CE89-4537-9F2A-25F926D1840B}.Release|Any CPU.ActiveCfg = Release|Any CPU
		{6886ABB3-CE89-4537-9F2A-25F926D1840B}.Release|Any CPU.Build.0 = Release|Any CPU
		{9A8CDC1F-64F7-441E-849D-66F2C56600F2}.Debug|Any CPU.ActiveCfg = Debug|Any CPU
		{9A8CDC1F-64F7-441E-849D-66F2C56600F2}.Debug|Any CPU.Build.0 = Debug|Any CPU
		{9A8CDC1F-64F7-441E-849D-66F2C56600F2}.Release|Any CPU.ActiveCfg = Release|Any CPU
		{9A8CDC1F-64F7-441E-849D-66F2C56600F2}.Release|Any CPU.Build.0 = Release|Any CPU
		{E56B9CE4-14DC-4256-A337-46E5D298B722}.Debug|Any CPU.ActiveCfg = Debug|Any CPU
		{E56B9CE4-14DC-4256-A337-46E5D298B722}.Debug|Any CPU.Build.0 = Debug|Any CPU
		{E56B9CE4-14DC-4256-A337-46E5D298B722}.Release|Any CPU.ActiveCfg = Release|Any CPU
		{E56B9CE4-14DC-4256-A337-46E5D298B722}.Release|Any CPU.Build.0 = Release|Any CPU
	EndGlobalSection
	GlobalSection(SolutionProperties) = preSolution
		HideSolutionNode = FALSE
	EndGlobalSection
EndGlobal
