
Microsoft Visual Studio Solution File, Format Version 12.00
# Visual Studio Version 16
VisualStudioVersion = 16.0.32802.440
MinimumVisualStudioVersion = 10.0.40219.1
Project("{FAE04EC0-301F-11D3-BF4B-00C04F79EFBC}") = "bcl", "bcl\bcl.csproj", "{F07D323E-35C3-412E-BD1B-46AA5D218D10}"
EndProject
Global
	GlobalSection(SolutionConfigurationPlatforms) = preSolution
		Debug|Any CPU = Debug|Any CPU
		Release|Any CPU = Release|Any CPU
	EndGlobalSection
	GlobalSection(ProjectConfigurationPlatforms) = postSolution
		{F07D323E-35C3-412E-BD1B-46AA5D218D10}.Debug|Any CPU.ActiveCfg = Debug|Any CPU
		{F07D323E-35C3-412E-BD1B-46AA5D218D10}.Debug|Any CPU.Build.0 = Debug|Any CPU
		{F07D323E-35C3-412E-BD1B-46AA5D218D10}.Release|Any CPU.ActiveCfg = Release|Any CPU
		{F07D323E-35C3-412E-BD1B-46AA5D218D10}.Release|Any CPU.Build.0 = Release|Any CPU
	EndGlobalSection
	GlobalSection(SolutionProperties) = preSolution
		HideSolutionNode = FALSE
	EndGlobalSection
	GlobalSection(ExtensibilityGlobals) = postSolution
		SolutionGuid = {1FA85A3D-0B87-48D1-B90E-3F76D71B5BB1}
	EndGlobalSection
EndGlobal
