
Microsoft Visual Studio Solution File, Format Version 12.00
# Visual Studio 14
VisualStudioVersion = 14.0.25420.1
MinimumVisualStudioVersion = 10.0.40219.1
Project("{FAE04EC0-301F-11D3-BF4B-00C04F79EFBC}") = "BoSSS.Platform", "..\..\L1-platform\BoSSS.Platform\BoSSS.Platform.csproj", "{B7D5F7C7-EA9F-4506-AB69-C3CD2AA8C938}"
EndProject
Project("{FAE04EC0-301F-11D3-BF4B-00C04F79EFBC}") = "ilPSP", "..\..\ilPSP\layer_1.2-ilPSP\ilPSP\ilPSP.csproj", "{8E6D8F23-623F-4204-B4AB-A088C0CD83AA}"
EndProject
Project("{FAE04EC0-301F-11D3-BF4B-00C04F79EFBC}") = "BoSSS.Solution", "..\..\L3-solution\BoSSS.Solution\BoSSS.Solution.csproj", "{DF7F5ABD-E606-41CD-BEEF-31A95D136DEA}"
EndProject
Project("{FAE04EC0-301F-11D3-BF4B-00C04F79EFBC}") = "BoSSS.Foundation", "..\..\L2-foundation\BoSSS.Foundation\BoSSS.Foundation.csproj", "{17A60FBA-20B4-451D-98E1-8D742F368569}"
EndProject
Project("{FAE04EC0-301F-11D3-BF4B-00C04F79EFBC}") = "BoSSS.Foundation.Grid", "..\..\L2-foundation\BoSSS.Foundation.Grid\BoSSS.Foundation.Grid.csproj", "{13585226-5046-494D-947C-B97479566081}"
EndProject
Project("{FAE04EC0-301F-11D3-BF4B-00C04F79EFBC}") = "MatrixVisualizer", "MatrixVisualizer\MatrixVisualizer.csproj", "{D3236075-D21F-4D3A-AE49-A6C485933BB5}"
EndProject
Project("{FAE04EC0-301F-11D3-BF4B-00C04F79EFBC}") = "MatrixVisualizerVS15", "MatrixVisualizerVS15\MatrixVisualizerVS15.csproj", "{B91D8AA7-B8A0-4872-91B2-BDCCC9AE8456}"
EndProject
Project("{FAE04EC0-301F-11D3-BF4B-00C04F79EFBC}") = "VisualizerTestVS15", "VisualizerTestVS15\VisualizerTestVS15.csproj", "{AD85BA2B-49C2-4E8C-9301-0B6DCACAB639}"
EndProject
Global
	GlobalSection(SolutionConfigurationPlatforms) = preSolution
		Debug|Any CPU = Debug|Any CPU
		Release|Any CPU = Release|Any CPU
	EndGlobalSection
	GlobalSection(ProjectConfigurationPlatforms) = postSolution
		{B7D5F7C7-EA9F-4506-AB69-C3CD2AA8C938}.Debug|Any CPU.ActiveCfg = Debug|Any CPU
		{B7D5F7C7-EA9F-4506-AB69-C3CD2AA8C938}.Debug|Any CPU.Build.0 = Debug|Any CPU
		{B7D5F7C7-EA9F-4506-AB69-C3CD2AA8C938}.Release|Any CPU.ActiveCfg = Release|Any CPU
		{B7D5F7C7-EA9F-4506-AB69-C3CD2AA8C938}.Release|Any CPU.Build.0 = Release|Any CPU
		{8E6D8F23-623F-4204-B4AB-A088C0CD83AA}.Debug|Any CPU.ActiveCfg = Debug|Any CPU
		{8E6D8F23-623F-4204-B4AB-A088C0CD83AA}.Debug|Any CPU.Build.0 = Debug|Any CPU
		{8E6D8F23-623F-4204-B4AB-A088C0CD83AA}.Release|Any CPU.ActiveCfg = Release|Any CPU
		{8E6D8F23-623F-4204-B4AB-A088C0CD83AA}.Release|Any CPU.Build.0 = Release|Any CPU
		{DF7F5ABD-E606-41CD-BEEF-31A95D136DEA}.Debug|Any CPU.ActiveCfg = Debug|Any CPU
		{DF7F5ABD-E606-41CD-BEEF-31A95D136DEA}.Debug|Any CPU.Build.0 = Debug|Any CPU
		{DF7F5ABD-E606-41CD-BEEF-31A95D136DEA}.Release|Any CPU.ActiveCfg = Release|Any CPU
		{DF7F5ABD-E606-41CD-BEEF-31A95D136DEA}.Release|Any CPU.Build.0 = Release|Any CPU
		{17A60FBA-20B4-451D-98E1-8D742F368569}.Debug|Any CPU.ActiveCfg = Debug|Any CPU
		{17A60FBA-20B4-451D-98E1-8D742F368569}.Debug|Any CPU.Build.0 = Debug|Any CPU
		{17A60FBA-20B4-451D-98E1-8D742F368569}.Release|Any CPU.ActiveCfg = Release|Any CPU
		{17A60FBA-20B4-451D-98E1-8D742F368569}.Release|Any CPU.Build.0 = Release|Any CPU
		{13585226-5046-494D-947C-B97479566081}.Debug|Any CPU.ActiveCfg = Debug|Any CPU
		{13585226-5046-494D-947C-B97479566081}.Debug|Any CPU.Build.0 = Debug|Any CPU
		{13585226-5046-494D-947C-B97479566081}.Release|Any CPU.ActiveCfg = Release|Any CPU
		{13585226-5046-494D-947C-B97479566081}.Release|Any CPU.Build.0 = Release|Any CPU
		{D3236075-D21F-4D3A-AE49-A6C485933BB5}.Debug|Any CPU.ActiveCfg = Debug|Any CPU
		{D3236075-D21F-4D3A-AE49-A6C485933BB5}.Debug|Any CPU.Build.0 = Debug|Any CPU
		{D3236075-D21F-4D3A-AE49-A6C485933BB5}.Release|Any CPU.ActiveCfg = Release|Any CPU
		{D3236075-D21F-4D3A-AE49-A6C485933BB5}.Release|Any CPU.Build.0 = Release|Any CPU
		{B91D8AA7-B8A0-4872-91B2-BDCCC9AE8456}.Debug|Any CPU.ActiveCfg = Debug|Any CPU
		{B91D8AA7-B8A0-4872-91B2-BDCCC9AE8456}.Debug|Any CPU.Build.0 = Debug|Any CPU
		{B91D8AA7-B8A0-4872-91B2-BDCCC9AE8456}.Release|Any CPU.ActiveCfg = Release|Any CPU
		{B91D8AA7-B8A0-4872-91B2-BDCCC9AE8456}.Release|Any CPU.Build.0 = Release|Any CPU
		{AD85BA2B-49C2-4E8C-9301-0B6DCACAB639}.Debug|Any CPU.ActiveCfg = Debug|Any CPU
		{AD85BA2B-49C2-4E8C-9301-0B6DCACAB639}.Debug|Any CPU.Build.0 = Debug|Any CPU
		{AD85BA2B-49C2-4E8C-9301-0B6DCACAB639}.Release|Any CPU.ActiveCfg = Release|Any CPU
		{AD85BA2B-49C2-4E8C-9301-0B6DCACAB639}.Release|Any CPU.Build.0 = Release|Any CPU
	EndGlobalSection
	GlobalSection(SolutionProperties) = preSolution
		HideSolutionNode = FALSE
	EndGlobalSection
EndGlobal
