
Microsoft Visual Studio Solution File, Format Version 12.00
# Visual Studio 15
VisualStudioVersion = 15.0.26730.16
MinimumVisualStudioVersion = 10.0.40219.1
Project("{2150E333-8FDC-42A3-9474-1A3956D46DE8}") = "L0", "L0", "{1EF7CF54-6462-4601-8335-13F5B16BFD2C}"
EndProject
Project("{2150E333-8FDC-42A3-9474-1A3956D46DE8}") = "L1", "L1", "{1F14C418-7A55-4C88-985E-4219C75C5488}"
EndProject
Project("{FAE04EC0-301F-11D3-BF4B-00C04F79EFBC}") = "BoSSS.Platform", "L1-platform\BoSSS.Platform\BoSSS.Platform.csproj", "{B7D5F7C7-EA9F-4506-AB69-C3CD2AA8C938}"
EndProject
Project("{2150E333-8FDC-42A3-9474-1A3956D46DE8}") = "L2", "L2", "{C032D6A5-9425-4C4E-A559-43067FD792C0}"
EndProject
Project("{FAE04EC0-301F-11D3-BF4B-00C04F79EFBC}") = "BoSSS.Foundation", "L2-foundation\BoSSS.Foundation\BoSSS.Foundation.csproj", "{17A60FBA-20B4-451D-98E1-8D742F368569}"
EndProject
Project("{FAE04EC0-301F-11D3-BF4B-00C04F79EFBC}") = "BoSSS.Foundation.Grid", "L2-foundation\BoSSS.Foundation.Grid\BoSSS.Foundation.Grid.csproj", "{13585226-5046-494D-947C-B97479566081}"
EndProject
Project("{FAE04EC0-301F-11D3-BF4B-00C04F79EFBC}") = "BoSSS.Foundation.XDG", "L2-foundation\BoSSS.Foundation.XDG\BoSSS.Foundation.XDG.csproj", "{9A8CDC1F-64F7-441E-849D-66F2C56600F2}"
EndProject
Project("{FAE04EC0-301F-11D3-BF4B-00C04F79EFBC}") = "BoSSS.Foundation.SpecFEM", "L2-foundation\BoSSS.Foundation.SpecFEM\BoSSS.Foundation.SpecFEM.csproj", "{9D01688E-9372-4185-ADCF-D64D47F3A44A}"
EndProject
Project("{2150E333-8FDC-42A3-9474-1A3956D46DE8}") = "L3", "L3", "{3303F7B6-36AF-43F0-AD12-217ADDE38B43}"
EndProject
Project("{FAE04EC0-301F-11D3-BF4B-00C04F79EFBC}") = "BoSSS.Solution", "L3-solution\BoSSS.Solution\BoSSS.Solution.csproj", "{DF7F5ABD-E606-41CD-BEEF-31A95D136DEA}"
EndProject
Project("{FAE04EC0-301F-11D3-BF4B-00C04F79EFBC}") = "BoSSS.Solution.Tecplot", "L3-solution\BoSSS.Solution.Tecplot\BoSSS.Solution.Tecplot.csproj", "{D0546422-EC92-4964-82E9-8EE819A2F786}"
EndProject
Project("{FAE04EC0-301F-11D3-BF4B-00C04F79EFBC}") = "BoSSS.Solution.GridImport", "L3-solution\BoSSS.Solution.GridImport\BoSSS.Solution.GridImport.csproj", "{28E4A331-ECA2-43A6-A11F-6D6A5E410434}"
EndProject
Project("{FAE04EC0-301F-11D3-BF4B-00C04F79EFBC}") = "BoSSS.Solution.Statistic", "L3-solution\BoSSS.Solution.Statistic\BoSSS.Solution.Statistic.csproj", "{45BCA5F9-27E7-43C0-B021-4312BF442C7D}"
EndProject
Project("{FAE04EC0-301F-11D3-BF4B-00C04F79EFBC}") = "BoSSS.Solution.Gnuplot", "L3-solution\BoSSS.Solution.Gnuplot\BoSSS.Solution.Gnuplot.csproj", "{D4FADB7C-0B11-4F41-A97A-146DC1F7034E}"
EndProject
Project("{FAE04EC0-301F-11D3-BF4B-00C04F79EFBC}") = "BoSSS.Solution.NSECommon", "L3-solution\BoSSS.Solution.NSECommon\BoSSS.Solution.NSECommon.csproj", "{E56B9CE4-14DC-4256-A337-46E5D298B722}"
EndProject
Project("{FAE04EC0-301F-11D3-BF4B-00C04F79EFBC}") = "BoSSS.Solution.ASCIIExport", "L3-solution\BoSSS.Solution.ASCIIExport\BoSSS.Solution.ASCIIExport.csproj", "{ED2E6C6E-1517-4AAD-B3C6-1B56C5CD9828}"
EndProject
Project("{FAE04EC0-301F-11D3-BF4B-00C04F79EFBC}") = "BoSSS.Solution.AdvancedSolvers", "..\..\public\src\L3-solution\BoSSS.Solution.Multigrid\BoSSS.Solution.AdvancedSolvers.csproj", "{EFE8C307-09BC-4F58-B991-6EF8FD6D5EFF}"
EndProject
Project("{2150E333-8FDC-42A3-9474-1A3956D46DE8}") = "L4", "L4", "{05BAB864-D412-476C-A592-C69E399CB15A}"
EndProject
Project("{2150E333-8FDC-42A3-9474-1A3956D46DE8}") = "Tests", "Tests", "{0AF02196-DCBF-4066-AC5A-CC14525B390C}"
EndProject
Project("{FAE04EC0-301F-11D3-BF4B-00C04F79EFBC}") = "DerivativeTest", "L4-application\DerivativeTest\DerivativeTest.csproj", "{614675F8-757D-4CFF-AE3F-75C4519DA17C}"
EndProject
Project("{FAE04EC0-301F-11D3-BF4B-00C04F79EFBC}") = "QuadratureAndProjectionTest", "L4-application\QuadratureTest\QuadratureAndProjectionTest.csproj", "{689A4771-E030-4C77-BA63-D9148F61A616}"
EndProject
Project("{FAE04EC0-301F-11D3-BF4B-00C04F79EFBC}") = "ElementTests", "L4-application\ElementTests\ElementTests.csproj", "{614675F8-757D-4CFF-AE3F-ABC1519DA17C}"
EndProject
Project("{FAE04EC0-301F-11D3-BF4B-00C04F79EFBC}") = "XDGTest", "L4-application\XDGTest\XDGTest.csproj", "{3813BB68-2237-4CC0-B911-F8113F00A4AE}"
EndProject
Project("{FAE04EC0-301F-11D3-BF4B-00C04F79EFBC}") = "ZwoLsTest", "L4-application\ZwoLsTest\ZwoLsTest.csproj", "{CF28BB64-130D-4C5A-9031-0604F0AB01C6}"
EndProject
Project("{FAE04EC0-301F-11D3-BF4B-00C04F79EFBC}") = "XdgNastyLevsetLocationTest", "L4-application\XdgNastyLevsetLocationTest\XdgNastyLevsetLocationTest.csproj", "{1ABCC828-56E1-4388-9EF0-02F0C512AD75}"
EndProject
Project("{FAE04EC0-301F-11D3-BF4B-00C04F79EFBC}") = "SpecFEM", "L4-application\SpecFEM\SpecFEM.csproj", "{FEF0E358-58E8-41A9-98FD-0E1DE0F77E12}"
EndProject
Project("{FAE04EC0-301F-11D3-BF4B-00C04F79EFBC}") = "MPITest", "L4-application\MPITest\MPITest.csproj", "{519A47EC-F7C6-4C94-B013-305145F2E81E}"
EndProject
Project("{FAE04EC0-301F-11D3-BF4B-00C04F79EFBC}") = "CutCellQuadrature", "L4-application\CutCellQuadrature\CutCellQuadrature.csproj", "{6E696838-EE09-459F-B5B0-7EE0D709C3D6}"
EndProject
Project("{FAE04EC0-301F-11D3-BF4B-00C04F79EFBC}") = "LTSTests", "L4-application\LTSTests\LTSTests.csproj", "{FE748C89-3989-4742-811B-80F8B924FD35}"
EndProject
Project("{FAE04EC0-301F-11D3-BF4B-00C04F79EFBC}") = "ipViscosity", "L4-application\ipViscosity\ipViscosity.csproj", "{09CCE864-9BAE-4660-A123-F3F3414B6173}"
EndProject
Project("{FAE04EC0-301F-11D3-BF4B-00C04F79EFBC}") = "MultigridTest", "L4-application\MultigridTest\MultigridTest.csproj", "{09CCE864-12A3-4660-AFF9-F3F3434B1173}"
EndProject
Project("{FAE04EC0-301F-11D3-BF4B-00C04F79EFBC}") = "ProjectionTest", "L4-application\ProjectionTest\ProjectionTest.csproj", "{9127EC1E-239E-463E-9BDD-5B0103ABEA0F}"
EndProject
Project("{2150E333-8FDC-42A3-9474-1A3956D46DE8}") = "utils", "utils", "{04599CA7-506E-42E8-A041-45AD6D3B64D1}"
EndProject
Project("{FAE04EC0-301F-11D3-BF4B-00C04F79EFBC}") = "BoSSS.PlotGenerator", "L4-application\PlotGenerator\BoSSS.PlotGenerator.csproj", "{383DE201-6871-437E-93C6-DDD41694BBAF}"
EndProject
Project("{2150E333-8FDC-42A3-9474-1A3956D46DE8}") = "incompressible", "incompressible", "{92405EB8-3356-435E-9969-26756C41A843}"
EndProject
Project("{FAE04EC0-301F-11D3-BF4B-00C04F79EFBC}") = "SIMPLE", "L4-application\NSE_SIMPLE\SIMPLE.csproj", "{CD6004B7-F359-4EE4-AF0D-123A0C2B5BDD}"
EndProject
Project("{2150E333-8FDC-42A3-9474-1A3956D46DE8}") = "compressible", "compressible", "{BBE501CE-3A65-4E10-B70A-CA18FC81EEF4}"
EndProject
Project("{FAE04EC0-301F-11D3-BF4B-00C04F79EFBC}") = "CNS", "L4-application\CNS\CNS.csproj", "{8BD7843E-8191-40B3-B208-75EC766A99FD}"
EndProject
Project("{2150E333-8FDC-42A3-9474-1A3956D46DE8}") = "multiphase", "multiphase", "{D9C6B595-1F33-48F4-A87F-13C7D35F5199}"
EndProject
Project("{2150E333-8FDC-42A3-9474-1A3956D46DE8}") = "examples", "examples", "{4AA85AB7-71B5-4BBE-8E39-FF45B33CC328}"
EndProject
Project("{FAE04EC0-301F-11D3-BF4B-00C04F79EFBC}") = "ipPoisson", "L4-application\ipPoisson\ipPoisson.csproj", "{09CCE864-9BAE-4660-AFF9-F3F3414B6173}"
EndProject
Project("{FAE04EC0-301F-11D3-BF4B-00C04F79EFBC}") = "ScalarTransport", "L4-application\ScalarTransport\ScalarTransport.csproj", "{3CF905A3-B13B-43E2-99A2-7692C534CAD5}"
EndProject
Project("{2150E333-8FDC-42A3-9474-1A3956D46DE8}") = "ilPSP-main", "ilPSP-main", "{B1F58882-A2A7-428C-A42B-EBDC55AB4C7F}"
EndProject
Project("{FAE04EC0-301F-11D3-BF4B-00C04F79EFBC}") = "MPI.Wrappers", "ilPSP\layer_1.1-MPI.NET\MPI.Wrappers\MPI.Wrappers.csproj", "{DD9BF776-38CA-4FC9-8F42-5ED700BDE7AD}"
EndProject
Project("{FAE04EC0-301F-11D3-BF4B-00C04F79EFBC}") = "ilPSP", "ilPSP\layer_1.2-ilPSP\ilPSP\ilPSP.csproj", "{8E6D8F23-623F-4204-B4AB-A088C0CD83AA}"
EndProject
Project("{FAE04EC0-301F-11D3-BF4B-00C04F79EFBC}") = "ilPSP.LinSolvers.PARDISO", "ilPSP\layer_1.2-ilPSP\ilPSP.LinSolvers.PARDISO\ilPSP.LinSolvers.PARDISO.csproj", "{DB9CA35D-9980-462A-85CC-CB33DCFD5A28}"
EndProject
Project("{FAE04EC0-301F-11D3-BF4B-00C04F79EFBC}") = "ilPSP.LinSolvers.HYPRE", "ilPSP\layer_1.2-ilPSP\ilPSP.LinSolvers.HYPRE\ilPSP.LinSolvers.HYPRE.csproj", "{332083B9-C7FD-4B04-95EC-B0C729B21883}"
EndProject
Project("{FAE04EC0-301F-11D3-BF4B-00C04F79EFBC}") = "ilPSP.LinSolvers.monkey", "ilPSP\layer_1.2-ilPSP\ilPSP.LinSolvers.monkey\ilPSP.LinSolvers.monkey.csproj", "{B18AEDC3-C7A5-4DA6-ABD3-E981B002ADDE}"
EndProject
Project("{FAE04EC0-301F-11D3-BF4B-00C04F79EFBC}") = "ilPSP.Connectors.Matlab", "ilPSP\layer_1.2-ilPSP\ilPSP.Connectors.Matlab\ilPSP.Connectors.Matlab.csproj", "{6886ABB3-CE89-4537-9F2A-25F926D1840B}"
EndProject
Project("{2150E333-8FDC-42A3-9474-1A3956D46DE8}") = "ilPSP-tests", "ilPSP-tests", "{4ACD8F02-9AEF-4011-BA0D-49AED5EBEB88}"
EndProject
Project("{FAE04EC0-301F-11D3-BF4B-00C04F79EFBC}") = "TutorialTests", "L4-application\TutorialTests\TutorialTests.csproj", "{FE981AC8-58E8-41A9-98FD-0E1DE0F77E12}"
EndProject
Project("{2150E333-8FDC-42A3-9474-1A3956D46DE8}") = "BoSSSpad", "BoSSSpad", "{D8CE9C4A-43B5-44F0-B6B7-23A4E1EE8AF7}"
EndProject
Project("{FAE04EC0-301F-11D3-BF4B-00C04F79EFBC}") = "BoSSSpad", "L4-application\BoSSSpad\BoSSSpad.csproj", "{E1351588-3BC0-418A-BFA2-7CE3391AA167}"
EndProject
Project("{FAE04EC0-301F-11D3-BF4B-00C04F79EFBC}") = "DatabaseTests", "L4-application\DatabaseTests\DatabaseTests.csproj", "{19EF28E0-A4F1-40C7-AFFC-9AC1968295A2}"
EndProject
Project("{FAE04EC0-301F-11D3-BF4B-00C04F79EFBC}") = "ilPSP.LinSolvers", "ilPSP\layer_1.2-ilPSP\ilPSP.LinSolvers\ilPSP.LinSolvers.csproj", "{45EFF2BD-0BCC-4AEA-9E87-7D86D6423B0C}"
EndProject
Project("{2150E333-8FDC-42A3-9474-1A3956D46DE8}") = "Utils", "Utils", "{3A4009EF-FAE4-4514-BC3A-2161437194CE}"
EndProject
Project("{FAE04EC0-301F-11D3-BF4B-00C04F79EFBC}") = "MiniBatchProcessor", "Utils\MiniBatchProcessor\MiniBatchProcessor.csproj", "{DB8A3A70-DBF2-48E7-824C-0829DB2F8E1B}"
EndProject
Project("{FAE04EC0-301F-11D3-BF4B-00C04F79EFBC}") = "IBM_Solver", "L4-application\IBM_Solver\IBM_Solver.csproj", "{12970F63-547F-4BE6-9AF9-2F3EEB00A877}"
EndProject
Project("{FAE04EC0-301F-11D3-BF4B-00C04F79EFBC}") = "ilPSP.LinSolvers.MUMPS", "ilPSP\layer_1.2-ilPSP\ilPSP.LinSolvers.MUMPS\ilPSP.LinSolvers.MUMPS.csproj", "{757E59F0-53BF-4C0D-87B3-3329161CB148}"
EndProject
Project("{FAE04EC0-301F-11D3-BF4B-00C04F79EFBC}") = "BoSSS.Solution.XdgTimestepping", "L3-solution\BoSSS.Solution.XdgTimestepping\BoSSS.Solution.XdgTimestepping.csproj", "{D8A961C8-75A9-4ECD-8627-C598697E7318}"
EndProject
Project("{FAE04EC0-301F-11D3-BF4B-00C04F79EFBC}") = "ALTSTests", "L4-application\ALTSTests\ALTSTests.csproj", "{76EF162B-6F5F-48B7-8C24-40FB80D9C8C1}"
EndProject
Project("{FAE04EC0-301F-11D3-BF4B-00C04F79EFBC}") = "XNSE_Solver", "L4-application\XNSE_Solver\XNSE_Solver.csproj", "{3D867374-BF9A-475E-8F5C-E1C067605B9C}"
EndProject
Project("{FAE04EC0-301F-11D3-BF4B-00C04F79EFBC}") = "XNSE_Solver_MPItest", "L4-application\XNSE_Solver_MPItest\XNSE_Solver_MPItest.csproj", "{2F74AA60-6324-4FB4-8960-7DA1BBDB8C15}"
EndProject
Project("{FAE04EC0-301F-11D3-BF4B-00C04F79EFBC}") = "BoSSS.Solution.XNSECommon", "L3-solution\BoSSS.Solution.XNSECommon\BoSSS.Solution.XNSECommon.csproj", "{0D8F577E-316D-4362-816B-9F610C5EB4A5}"
EndProject
Project("{FAE04EC0-301F-11D3-BF4B-00C04F79EFBC}") = "BoSSS.Solution.LevelSetTools", "L3-solution\BoSSS.Solution.LevelSetTools\BoSSS.Solution.LevelSetTools.csproj", "{9EE2FCAD-E8A4-4F14-B932-D1A4904D715D}"
EndProject
Project("{FAE04EC0-301F-11D3-BF4B-00C04F79EFBC}") = "ElectronWorksheet", "BoSSSpadGUI\src\cs\ElectronWorksheet.csproj", "{FF12C08F-10A2-4882-8D9D-F559E85E4518}"
EndProject
Project("{FAE04EC0-301F-11D3-BF4B-00C04F79EFBC}") = "BoSSS.Solution.CompressibleFlowCommon", "L3-solution\BoSSS.Solution.CompressibleFlowCommon\BoSSS.Solution.CompressibleFlowCommon.csproj", "{C0C92515-FC32-49B7-B128-29CC7BFA7B6C}"
EndProject
Project("{FAE04EC0-301F-11D3-BF4B-00C04F79EFBC}") = "BoSSS.Solution.XheatCommon", "L3-solution\BoSSS.Solution.XheatCommon\BoSSS.Solution.XheatCommon.csproj", "{556AF24D-182B-4B77-A727-7E18B6488F78}"
EndProject
Project("{FAE04EC0-301F-11D3-BF4B-00C04F79EFBC}") = "Rheology2", "L4-application\RheologySolver2\Rheology2.csproj", "{985A90C0-4E63-4B8D-BC9B-946AF1AD3132}"
EndProject
Project("{FAE04EC0-301F-11D3-BF4B-00C04F79EFBC}") = "FSI_Solver", "L4-application\FSI_Solver\FSI_Solver.csproj", "{5C52E2F7-A6DD-4E3E-A31E-1B0FF34C0CC2}"
EndProject
Global
	GlobalSection(SolutionConfigurationPlatforms) = preSolution
		Debug|Any CPU = Debug|Any CPU
		Release|Any CPU = Release|Any CPU
	EndGlobalSection
	GlobalSection(ProjectConfigurationPlatforms) = postSolution
		{B7D5F7C7-EA9F-4506-AB69-C3CD2AA8C938}.Debug|Any CPU.ActiveCfg = Debug|Any CPU
		{B7D5F7C7-EA9F-4506-AB69-C3CD2AA8C938}.Debug|Any CPU.Build.0 = Debug|Any CPU
		{B7D5F7C7-EA9F-4506-AB69-C3CD2AA8C938}.Release|Any CPU.ActiveCfg = Release|Any CPU
		{B7D5F7C7-EA9F-4506-AB69-C3CD2AA8C938}.Release|Any CPU.Build.0 = Release|Any CPU
		{17A60FBA-20B4-451D-98E1-8D742F368569}.Debug|Any CPU.ActiveCfg = Debug|Any CPU
		{17A60FBA-20B4-451D-98E1-8D742F368569}.Debug|Any CPU.Build.0 = Debug|Any CPU
		{17A60FBA-20B4-451D-98E1-8D742F368569}.Release|Any CPU.ActiveCfg = Release|Any CPU
		{17A60FBA-20B4-451D-98E1-8D742F368569}.Release|Any CPU.Build.0 = Release|Any CPU
		{13585226-5046-494D-947C-B97479566081}.Debug|Any CPU.ActiveCfg = Debug|Any CPU
		{13585226-5046-494D-947C-B97479566081}.Debug|Any CPU.Build.0 = Debug|Any CPU
		{13585226-5046-494D-947C-B97479566081}.Release|Any CPU.ActiveCfg = Release|Any CPU
		{13585226-5046-494D-947C-B97479566081}.Release|Any CPU.Build.0 = Release|Any CPU
		{9A8CDC1F-64F7-441E-849D-66F2C56600F2}.Debug|Any CPU.ActiveCfg = Debug|Any CPU
		{9A8CDC1F-64F7-441E-849D-66F2C56600F2}.Debug|Any CPU.Build.0 = Debug|Any CPU
		{9A8CDC1F-64F7-441E-849D-66F2C56600F2}.Release|Any CPU.ActiveCfg = Release|Any CPU
		{9A8CDC1F-64F7-441E-849D-66F2C56600F2}.Release|Any CPU.Build.0 = Release|Any CPU
		{9D01688E-9372-4185-ADCF-D64D47F3A44A}.Debug|Any CPU.ActiveCfg = Debug|Any CPU
		{9D01688E-9372-4185-ADCF-D64D47F3A44A}.Debug|Any CPU.Build.0 = Debug|Any CPU
		{9D01688E-9372-4185-ADCF-D64D47F3A44A}.Release|Any CPU.ActiveCfg = Release|Any CPU
		{9D01688E-9372-4185-ADCF-D64D47F3A44A}.Release|Any CPU.Build.0 = Release|Any CPU
		{DF7F5ABD-E606-41CD-BEEF-31A95D136DEA}.Debug|Any CPU.ActiveCfg = Debug|Any CPU
		{DF7F5ABD-E606-41CD-BEEF-31A95D136DEA}.Debug|Any CPU.Build.0 = Debug|Any CPU
		{DF7F5ABD-E606-41CD-BEEF-31A95D136DEA}.Release|Any CPU.ActiveCfg = Release|Any CPU
		{DF7F5ABD-E606-41CD-BEEF-31A95D136DEA}.Release|Any CPU.Build.0 = Release|Any CPU
		{D0546422-EC92-4964-82E9-8EE819A2F786}.Debug|Any CPU.ActiveCfg = Debug|Any CPU
		{D0546422-EC92-4964-82E9-8EE819A2F786}.Debug|Any CPU.Build.0 = Debug|Any CPU
		{D0546422-EC92-4964-82E9-8EE819A2F786}.Release|Any CPU.ActiveCfg = Release|Any CPU
		{D0546422-EC92-4964-82E9-8EE819A2F786}.Release|Any CPU.Build.0 = Release|Any CPU
		{28E4A331-ECA2-43A6-A11F-6D6A5E410434}.Debug|Any CPU.ActiveCfg = Debug|Any CPU
		{28E4A331-ECA2-43A6-A11F-6D6A5E410434}.Debug|Any CPU.Build.0 = Debug|Any CPU
		{28E4A331-ECA2-43A6-A11F-6D6A5E410434}.Release|Any CPU.ActiveCfg = Release|Any CPU
		{28E4A331-ECA2-43A6-A11F-6D6A5E410434}.Release|Any CPU.Build.0 = Release|Any CPU
		{45BCA5F9-27E7-43C0-B021-4312BF442C7D}.Debug|Any CPU.ActiveCfg = Debug|Any CPU
		{45BCA5F9-27E7-43C0-B021-4312BF442C7D}.Debug|Any CPU.Build.0 = Debug|Any CPU
		{45BCA5F9-27E7-43C0-B021-4312BF442C7D}.Release|Any CPU.ActiveCfg = Release|Any CPU
		{45BCA5F9-27E7-43C0-B021-4312BF442C7D}.Release|Any CPU.Build.0 = Release|Any CPU
		{D4FADB7C-0B11-4F41-A97A-146DC1F7034E}.Debug|Any CPU.ActiveCfg = Debug|Any CPU
		{D4FADB7C-0B11-4F41-A97A-146DC1F7034E}.Debug|Any CPU.Build.0 = Debug|Any CPU
		{D4FADB7C-0B11-4F41-A97A-146DC1F7034E}.Release|Any CPU.ActiveCfg = Release|Any CPU
		{D4FADB7C-0B11-4F41-A97A-146DC1F7034E}.Release|Any CPU.Build.0 = Release|Any CPU
		{E56B9CE4-14DC-4256-A337-46E5D298B722}.Debug|Any CPU.ActiveCfg = Debug|Any CPU
		{E56B9CE4-14DC-4256-A337-46E5D298B722}.Debug|Any CPU.Build.0 = Debug|Any CPU
		{E56B9CE4-14DC-4256-A337-46E5D298B722}.Release|Any CPU.ActiveCfg = Release|Any CPU
		{E56B9CE4-14DC-4256-A337-46E5D298B722}.Release|Any CPU.Build.0 = Release|Any CPU
		{ED2E6C6E-1517-4AAD-B3C6-1B56C5CD9828}.Debug|Any CPU.ActiveCfg = Debug|Any CPU
		{ED2E6C6E-1517-4AAD-B3C6-1B56C5CD9828}.Debug|Any CPU.Build.0 = Debug|Any CPU
		{ED2E6C6E-1517-4AAD-B3C6-1B56C5CD9828}.Release|Any CPU.ActiveCfg = Release|Any CPU
		{ED2E6C6E-1517-4AAD-B3C6-1B56C5CD9828}.Release|Any CPU.Build.0 = Release|Any CPU
		{EFE8C307-09BC-4F58-B991-6EF8FD6D5EFF}.Debug|Any CPU.ActiveCfg = Debug|Any CPU
		{EFE8C307-09BC-4F58-B991-6EF8FD6D5EFF}.Debug|Any CPU.Build.0 = Debug|Any CPU
		{EFE8C307-09BC-4F58-B991-6EF8FD6D5EFF}.Release|Any CPU.ActiveCfg = Release|Any CPU
		{EFE8C307-09BC-4F58-B991-6EF8FD6D5EFF}.Release|Any CPU.Build.0 = Release|Any CPU
		{614675F8-757D-4CFF-AE3F-75C4519DA17C}.Debug|Any CPU.ActiveCfg = Debug|Any CPU
		{614675F8-757D-4CFF-AE3F-75C4519DA17C}.Debug|Any CPU.Build.0 = Debug|Any CPU
		{614675F8-757D-4CFF-AE3F-75C4519DA17C}.Release|Any CPU.ActiveCfg = Release|Any CPU
		{614675F8-757D-4CFF-AE3F-75C4519DA17C}.Release|Any CPU.Build.0 = Release|Any CPU
		{689A4771-E030-4C77-BA63-D9148F61A616}.Debug|Any CPU.ActiveCfg = Debug|Any CPU
		{689A4771-E030-4C77-BA63-D9148F61A616}.Debug|Any CPU.Build.0 = Debug|Any CPU
		{689A4771-E030-4C77-BA63-D9148F61A616}.Release|Any CPU.ActiveCfg = Release|Any CPU
		{689A4771-E030-4C77-BA63-D9148F61A616}.Release|Any CPU.Build.0 = Release|Any CPU
		{614675F8-757D-4CFF-AE3F-ABC1519DA17C}.Debug|Any CPU.ActiveCfg = Debug|Any CPU
		{614675F8-757D-4CFF-AE3F-ABC1519DA17C}.Debug|Any CPU.Build.0 = Debug|Any CPU
		{614675F8-757D-4CFF-AE3F-ABC1519DA17C}.Release|Any CPU.ActiveCfg = Release|Any CPU
		{614675F8-757D-4CFF-AE3F-ABC1519DA17C}.Release|Any CPU.Build.0 = Release|Any CPU
		{3813BB68-2237-4CC0-B911-F8113F00A4AE}.Debug|Any CPU.ActiveCfg = Debug|Any CPU
		{3813BB68-2237-4CC0-B911-F8113F00A4AE}.Debug|Any CPU.Build.0 = Debug|Any CPU
		{3813BB68-2237-4CC0-B911-F8113F00A4AE}.Release|Any CPU.ActiveCfg = Release|Any CPU
		{3813BB68-2237-4CC0-B911-F8113F00A4AE}.Release|Any CPU.Build.0 = Release|Any CPU
		{CF28BB64-130D-4C5A-9031-0604F0AB01C6}.Debug|Any CPU.ActiveCfg = Debug|Any CPU
		{CF28BB64-130D-4C5A-9031-0604F0AB01C6}.Debug|Any CPU.Build.0 = Debug|Any CPU
		{CF28BB64-130D-4C5A-9031-0604F0AB01C6}.Release|Any CPU.ActiveCfg = Release|Any CPU
		{CF28BB64-130D-4C5A-9031-0604F0AB01C6}.Release|Any CPU.Build.0 = Release|Any CPU
		{1ABCC828-56E1-4388-9EF0-02F0C512AD75}.Debug|Any CPU.ActiveCfg = Debug|Any CPU
		{1ABCC828-56E1-4388-9EF0-02F0C512AD75}.Debug|Any CPU.Build.0 = Debug|Any CPU
		{1ABCC828-56E1-4388-9EF0-02F0C512AD75}.Release|Any CPU.ActiveCfg = Release|Any CPU
		{1ABCC828-56E1-4388-9EF0-02F0C512AD75}.Release|Any CPU.Build.0 = Release|Any CPU
		{FEF0E358-58E8-41A9-98FD-0E1DE0F77E12}.Debug|Any CPU.ActiveCfg = Debug|Any CPU
		{FEF0E358-58E8-41A9-98FD-0E1DE0F77E12}.Debug|Any CPU.Build.0 = Debug|Any CPU
		{FEF0E358-58E8-41A9-98FD-0E1DE0F77E12}.Release|Any CPU.ActiveCfg = Release|Any CPU
		{FEF0E358-58E8-41A9-98FD-0E1DE0F77E12}.Release|Any CPU.Build.0 = Release|Any CPU
		{519A47EC-F7C6-4C94-B013-305145F2E81E}.Debug|Any CPU.ActiveCfg = Debug|Any CPU
		{519A47EC-F7C6-4C94-B013-305145F2E81E}.Debug|Any CPU.Build.0 = Debug|Any CPU
		{519A47EC-F7C6-4C94-B013-305145F2E81E}.Release|Any CPU.ActiveCfg = Release|Any CPU
		{519A47EC-F7C6-4C94-B013-305145F2E81E}.Release|Any CPU.Build.0 = Release|Any CPU
		{6E696838-EE09-459F-B5B0-7EE0D709C3D6}.Debug|Any CPU.ActiveCfg = Debug|Any CPU
		{6E696838-EE09-459F-B5B0-7EE0D709C3D6}.Debug|Any CPU.Build.0 = Debug|Any CPU
		{6E696838-EE09-459F-B5B0-7EE0D709C3D6}.Release|Any CPU.ActiveCfg = Release|Any CPU
		{6E696838-EE09-459F-B5B0-7EE0D709C3D6}.Release|Any CPU.Build.0 = Release|Any CPU
		{FE748C89-3989-4742-811B-80F8B924FD35}.Debug|Any CPU.ActiveCfg = Debug|Any CPU
		{FE748C89-3989-4742-811B-80F8B924FD35}.Debug|Any CPU.Build.0 = Debug|Any CPU
		{FE748C89-3989-4742-811B-80F8B924FD35}.Release|Any CPU.ActiveCfg = Release|Any CPU
		{FE748C89-3989-4742-811B-80F8B924FD35}.Release|Any CPU.Build.0 = Release|Any CPU
		{09CCE864-9BAE-4660-A123-F3F3414B6173}.Debug|Any CPU.ActiveCfg = Debug|Any CPU
		{09CCE864-9BAE-4660-A123-F3F3414B6173}.Debug|Any CPU.Build.0 = Debug|Any CPU
		{09CCE864-9BAE-4660-A123-F3F3414B6173}.Release|Any CPU.ActiveCfg = Release|Any CPU
		{09CCE864-9BAE-4660-A123-F3F3414B6173}.Release|Any CPU.Build.0 = Release|Any CPU
		{09CCE864-12A3-4660-AFF9-F3F3434B1173}.Debug|Any CPU.ActiveCfg = Debug|Any CPU
		{09CCE864-12A3-4660-AFF9-F3F3434B1173}.Debug|Any CPU.Build.0 = Debug|Any CPU
		{09CCE864-12A3-4660-AFF9-F3F3434B1173}.Release|Any CPU.ActiveCfg = Release|Any CPU
		{09CCE864-12A3-4660-AFF9-F3F3434B1173}.Release|Any CPU.Build.0 = Release|Any CPU
		{9127EC1E-239E-463E-9BDD-5B0103ABEA0F}.Debug|Any CPU.ActiveCfg = Debug|Any CPU
		{9127EC1E-239E-463E-9BDD-5B0103ABEA0F}.Debug|Any CPU.Build.0 = Debug|Any CPU
		{9127EC1E-239E-463E-9BDD-5B0103ABEA0F}.Release|Any CPU.ActiveCfg = Release|Any CPU
		{9127EC1E-239E-463E-9BDD-5B0103ABEA0F}.Release|Any CPU.Build.0 = Release|Any CPU
		{383DE201-6871-437E-93C6-DDD41694BBAF}.Debug|Any CPU.ActiveCfg = Debug|Any CPU
		{383DE201-6871-437E-93C6-DDD41694BBAF}.Debug|Any CPU.Build.0 = Debug|Any CPU
		{383DE201-6871-437E-93C6-DDD41694BBAF}.Release|Any CPU.ActiveCfg = Release|Any CPU
		{383DE201-6871-437E-93C6-DDD41694BBAF}.Release|Any CPU.Build.0 = Release|Any CPU
		{CD6004B7-F359-4EE4-AF0D-123A0C2B5BDD}.Debug|Any CPU.ActiveCfg = Debug|Any CPU
		{CD6004B7-F359-4EE4-AF0D-123A0C2B5BDD}.Debug|Any CPU.Build.0 = Debug|Any CPU
		{CD6004B7-F359-4EE4-AF0D-123A0C2B5BDD}.Release|Any CPU.ActiveCfg = Release|Any CPU
		{CD6004B7-F359-4EE4-AF0D-123A0C2B5BDD}.Release|Any CPU.Build.0 = Release|Any CPU
		{8BD7843E-8191-40B3-B208-75EC766A99FD}.Debug|Any CPU.ActiveCfg = Debug|Any CPU
		{8BD7843E-8191-40B3-B208-75EC766A99FD}.Debug|Any CPU.Build.0 = Debug|Any CPU
		{8BD7843E-8191-40B3-B208-75EC766A99FD}.Release|Any CPU.ActiveCfg = Release|Any CPU
		{8BD7843E-8191-40B3-B208-75EC766A99FD}.Release|Any CPU.Build.0 = Release|Any CPU
		{09CCE864-9BAE-4660-AFF9-F3F3414B6173}.Debug|Any CPU.ActiveCfg = Debug|Any CPU
		{09CCE864-9BAE-4660-AFF9-F3F3414B6173}.Debug|Any CPU.Build.0 = Debug|Any CPU
		{09CCE864-9BAE-4660-AFF9-F3F3414B6173}.Release|Any CPU.ActiveCfg = Release|Any CPU
		{09CCE864-9BAE-4660-AFF9-F3F3414B6173}.Release|Any CPU.Build.0 = Release|Any CPU
		{3CF905A3-B13B-43E2-99A2-7692C534CAD5}.Debug|Any CPU.ActiveCfg = Debug|Any CPU
		{3CF905A3-B13B-43E2-99A2-7692C534CAD5}.Debug|Any CPU.Build.0 = Debug|Any CPU
		{3CF905A3-B13B-43E2-99A2-7692C534CAD5}.Release|Any CPU.ActiveCfg = Release|Any CPU
		{3CF905A3-B13B-43E2-99A2-7692C534CAD5}.Release|Any CPU.Build.0 = Release|Any CPU
		{DD9BF776-38CA-4FC9-8F42-5ED700BDE7AD}.Debug|Any CPU.ActiveCfg = Debug|Any CPU
		{DD9BF776-38CA-4FC9-8F42-5ED700BDE7AD}.Debug|Any CPU.Build.0 = Debug|Any CPU
		{DD9BF776-38CA-4FC9-8F42-5ED700BDE7AD}.Release|Any CPU.ActiveCfg = Release|Any CPU
		{DD9BF776-38CA-4FC9-8F42-5ED700BDE7AD}.Release|Any CPU.Build.0 = Release|Any CPU
		{8E6D8F23-623F-4204-B4AB-A088C0CD83AA}.Debug|Any CPU.ActiveCfg = Debug|Any CPU
		{8E6D8F23-623F-4204-B4AB-A088C0CD83AA}.Debug|Any CPU.Build.0 = Debug|Any CPU
		{8E6D8F23-623F-4204-B4AB-A088C0CD83AA}.Release|Any CPU.ActiveCfg = Release|Any CPU
		{8E6D8F23-623F-4204-B4AB-A088C0CD83AA}.Release|Any CPU.Build.0 = Release|Any CPU
		{DB9CA35D-9980-462A-85CC-CB33DCFD5A28}.Debug|Any CPU.ActiveCfg = Debug|Any CPU
		{DB9CA35D-9980-462A-85CC-CB33DCFD5A28}.Debug|Any CPU.Build.0 = Debug|Any CPU
		{DB9CA35D-9980-462A-85CC-CB33DCFD5A28}.Release|Any CPU.ActiveCfg = Release|Any CPU
		{DB9CA35D-9980-462A-85CC-CB33DCFD5A28}.Release|Any CPU.Build.0 = Release|Any CPU
		{332083B9-C7FD-4B04-95EC-B0C729B21883}.Debug|Any CPU.ActiveCfg = Debug|Any CPU
		{332083B9-C7FD-4B04-95EC-B0C729B21883}.Debug|Any CPU.Build.0 = Debug|Any CPU
		{332083B9-C7FD-4B04-95EC-B0C729B21883}.Release|Any CPU.ActiveCfg = Release|Any CPU
		{332083B9-C7FD-4B04-95EC-B0C729B21883}.Release|Any CPU.Build.0 = Release|Any CPU
		{B18AEDC3-C7A5-4DA6-ABD3-E981B002ADDE}.Debug|Any CPU.ActiveCfg = Debug|Any CPU
		{B18AEDC3-C7A5-4DA6-ABD3-E981B002ADDE}.Debug|Any CPU.Build.0 = Debug|Any CPU
		{B18AEDC3-C7A5-4DA6-ABD3-E981B002ADDE}.Release|Any CPU.ActiveCfg = Release|Any CPU
		{B18AEDC3-C7A5-4DA6-ABD3-E981B002ADDE}.Release|Any CPU.Build.0 = Release|Any CPU
		{6886ABB3-CE89-4537-9F2A-25F926D1840B}.Debug|Any CPU.ActiveCfg = Debug|Any CPU
		{6886ABB3-CE89-4537-9F2A-25F926D1840B}.Debug|Any CPU.Build.0 = Debug|Any CPU
		{6886ABB3-CE89-4537-9F2A-25F926D1840B}.Release|Any CPU.ActiveCfg = Release|Any CPU
		{6886ABB3-CE89-4537-9F2A-25F926D1840B}.Release|Any CPU.Build.0 = Release|Any CPU
		{FE981AC8-58E8-41A9-98FD-0E1DE0F77E12}.Debug|Any CPU.ActiveCfg = Debug|Any CPU
		{FE981AC8-58E8-41A9-98FD-0E1DE0F77E12}.Debug|Any CPU.Build.0 = Debug|Any CPU
		{FE981AC8-58E8-41A9-98FD-0E1DE0F77E12}.Release|Any CPU.ActiveCfg = Release|Any CPU
		{FE981AC8-58E8-41A9-98FD-0E1DE0F77E12}.Release|Any CPU.Build.0 = Release|Any CPU
		{E1351588-3BC0-418A-BFA2-7CE3391AA167}.Debug|Any CPU.ActiveCfg = Debug|Any CPU
		{E1351588-3BC0-418A-BFA2-7CE3391AA167}.Debug|Any CPU.Build.0 = Debug|Any CPU
		{E1351588-3BC0-418A-BFA2-7CE3391AA167}.Release|Any CPU.ActiveCfg = Release|Any CPU
		{E1351588-3BC0-418A-BFA2-7CE3391AA167}.Release|Any CPU.Build.0 = Release|Any CPU
		{19EF28E0-A4F1-40C7-AFFC-9AC1968295A2}.Debug|Any CPU.ActiveCfg = Debug|Any CPU
		{19EF28E0-A4F1-40C7-AFFC-9AC1968295A2}.Debug|Any CPU.Build.0 = Debug|Any CPU
		{19EF28E0-A4F1-40C7-AFFC-9AC1968295A2}.Release|Any CPU.ActiveCfg = Release|Any CPU
		{19EF28E0-A4F1-40C7-AFFC-9AC1968295A2}.Release|Any CPU.Build.0 = Release|Any CPU
		{45EFF2BD-0BCC-4AEA-9E87-7D86D6423B0C}.Debug|Any CPU.ActiveCfg = Debug|Any CPU
		{45EFF2BD-0BCC-4AEA-9E87-7D86D6423B0C}.Debug|Any CPU.Build.0 = Debug|Any CPU
		{45EFF2BD-0BCC-4AEA-9E87-7D86D6423B0C}.Release|Any CPU.ActiveCfg = Release|Any CPU
		{45EFF2BD-0BCC-4AEA-9E87-7D86D6423B0C}.Release|Any CPU.Build.0 = Release|Any CPU
		{DB8A3A70-DBF2-48E7-824C-0829DB2F8E1B}.Debug|Any CPU.ActiveCfg = Debug|Any CPU
		{DB8A3A70-DBF2-48E7-824C-0829DB2F8E1B}.Debug|Any CPU.Build.0 = Debug|Any CPU
		{DB8A3A70-DBF2-48E7-824C-0829DB2F8E1B}.Release|Any CPU.ActiveCfg = Release|Any CPU
		{DB8A3A70-DBF2-48E7-824C-0829DB2F8E1B}.Release|Any CPU.Build.0 = Release|Any CPU
		{12970F63-547F-4BE6-9AF9-2F3EEB00A877}.Debug|Any CPU.ActiveCfg = Debug|Any CPU
		{12970F63-547F-4BE6-9AF9-2F3EEB00A877}.Debug|Any CPU.Build.0 = Debug|Any CPU
		{12970F63-547F-4BE6-9AF9-2F3EEB00A877}.Release|Any CPU.ActiveCfg = Release|Any CPU
		{12970F63-547F-4BE6-9AF9-2F3EEB00A877}.Release|Any CPU.Build.0 = Release|Any CPU
		{757E59F0-53BF-4C0D-87B3-3329161CB148}.Debug|Any CPU.ActiveCfg = Debug|Any CPU
		{757E59F0-53BF-4C0D-87B3-3329161CB148}.Debug|Any CPU.Build.0 = Debug|Any CPU
		{757E59F0-53BF-4C0D-87B3-3329161CB148}.Release|Any CPU.ActiveCfg = Release|Any CPU
		{757E59F0-53BF-4C0D-87B3-3329161CB148}.Release|Any CPU.Build.0 = Release|Any CPU
		{D8A961C8-75A9-4ECD-8627-C598697E7318}.Debug|Any CPU.ActiveCfg = Debug|Any CPU
		{D8A961C8-75A9-4ECD-8627-C598697E7318}.Debug|Any CPU.Build.0 = Debug|Any CPU
		{D8A961C8-75A9-4ECD-8627-C598697E7318}.Release|Any CPU.ActiveCfg = Release|Any CPU
		{D8A961C8-75A9-4ECD-8627-C598697E7318}.Release|Any CPU.Build.0 = Release|Any CPU
		{76EF162B-6F5F-48B7-8C24-40FB80D9C8C1}.Debug|Any CPU.ActiveCfg = Debug|Any CPU
		{76EF162B-6F5F-48B7-8C24-40FB80D9C8C1}.Debug|Any CPU.Build.0 = Debug|Any CPU
		{76EF162B-6F5F-48B7-8C24-40FB80D9C8C1}.Release|Any CPU.ActiveCfg = Release|Any CPU
		{76EF162B-6F5F-48B7-8C24-40FB80D9C8C1}.Release|Any CPU.Build.0 = Release|Any CPU
		{3D867374-BF9A-475E-8F5C-E1C067605B9C}.Debug|Any CPU.ActiveCfg = Debug|Any CPU
		{3D867374-BF9A-475E-8F5C-E1C067605B9C}.Debug|Any CPU.Build.0 = Debug|Any CPU
		{3D867374-BF9A-475E-8F5C-E1C067605B9C}.Release|Any CPU.ActiveCfg = Release|Any CPU
		{3D867374-BF9A-475E-8F5C-E1C067605B9C}.Release|Any CPU.Build.0 = Release|Any CPU
		{2F74AA60-6324-4FB4-8960-7DA1BBDB8C15}.Debug|Any CPU.ActiveCfg = Debug|Any CPU
		{2F74AA60-6324-4FB4-8960-7DA1BBDB8C15}.Debug|Any CPU.Build.0 = Debug|Any CPU
		{2F74AA60-6324-4FB4-8960-7DA1BBDB8C15}.Release|Any CPU.ActiveCfg = Release|Any CPU
		{2F74AA60-6324-4FB4-8960-7DA1BBDB8C15}.Release|Any CPU.Build.0 = Release|Any CPU
		{0D8F577E-316D-4362-816B-9F610C5EB4A5}.Debug|Any CPU.ActiveCfg = Debug|Any CPU
		{0D8F577E-316D-4362-816B-9F610C5EB4A5}.Debug|Any CPU.Build.0 = Debug|Any CPU
		{0D8F577E-316D-4362-816B-9F610C5EB4A5}.Release|Any CPU.ActiveCfg = Release|Any CPU
		{0D8F577E-316D-4362-816B-9F610C5EB4A5}.Release|Any CPU.Build.0 = Release|Any CPU
		{9EE2FCAD-E8A4-4F14-B932-D1A4904D715D}.Debug|Any CPU.ActiveCfg = Debug|Any CPU
		{9EE2FCAD-E8A4-4F14-B932-D1A4904D715D}.Debug|Any CPU.Build.0 = Debug|Any CPU
		{9EE2FCAD-E8A4-4F14-B932-D1A4904D715D}.Release|Any CPU.ActiveCfg = Release|Any CPU
		{9EE2FCAD-E8A4-4F14-B932-D1A4904D715D}.Release|Any CPU.Build.0 = Release|Any CPU
		{FF12C08F-10A2-4882-8D9D-F559E85E4518}.Debug|Any CPU.ActiveCfg = Debug|Any CPU
		{FF12C08F-10A2-4882-8D9D-F559E85E4518}.Debug|Any CPU.Build.0 = Debug|Any CPU
		{FF12C08F-10A2-4882-8D9D-F559E85E4518}.Release|Any CPU.ActiveCfg = Release|Any CPU
		{FF12C08F-10A2-4882-8D9D-F559E85E4518}.Release|Any CPU.Build.0 = Release|Any CPU
		{C0C92515-FC32-49B7-B128-29CC7BFA7B6C}.Debug|Any CPU.ActiveCfg = Debug|Any CPU
		{C0C92515-FC32-49B7-B128-29CC7BFA7B6C}.Debug|Any CPU.Build.0 = Debug|Any CPU
		{C0C92515-FC32-49B7-B128-29CC7BFA7B6C}.Release|Any CPU.ActiveCfg = Release|Any CPU
		{C0C92515-FC32-49B7-B128-29CC7BFA7B6C}.Release|Any CPU.Build.0 = Release|Any CPU
		{556AF24D-182B-4B77-A727-7E18B6488F78}.Debug|Any CPU.ActiveCfg = Debug|Any CPU
		{556AF24D-182B-4B77-A727-7E18B6488F78}.Debug|Any CPU.Build.0 = Debug|Any CPU
		{556AF24D-182B-4B77-A727-7E18B6488F78}.Release|Any CPU.ActiveCfg = Release|Any CPU
		{556AF24D-182B-4B77-A727-7E18B6488F78}.Release|Any CPU.Build.0 = Release|Any CPU
		{985A90C0-4E63-4B8D-BC9B-946AF1AD3132}.Debug|Any CPU.ActiveCfg = Debug|Any CPU
		{985A90C0-4E63-4B8D-BC9B-946AF1AD3132}.Debug|Any CPU.Build.0 = Debug|Any CPU
		{985A90C0-4E63-4B8D-BC9B-946AF1AD3132}.Release|Any CPU.ActiveCfg = Release|Any CPU
		{985A90C0-4E63-4B8D-BC9B-946AF1AD3132}.Release|Any CPU.Build.0 = Release|Any CPU
		{5C52E2F7-A6DD-4E3E-A31E-1B0FF34C0CC2}.Debug|Any CPU.ActiveCfg = Debug|Any CPU
		{5C52E2F7-A6DD-4E3E-A31E-1B0FF34C0CC2}.Debug|Any CPU.Build.0 = Debug|Any CPU
		{5C52E2F7-A6DD-4E3E-A31E-1B0FF34C0CC2}.Release|Any CPU.ActiveCfg = Release|Any CPU
		{5C52E2F7-A6DD-4E3E-A31E-1B0FF34C0CC2}.Release|Any CPU.Build.0 = Release|Any CPU
	EndGlobalSection
	GlobalSection(SolutionProperties) = preSolution
		HideSolutionNode = FALSE
	EndGlobalSection
	GlobalSection(NestedProjects) = preSolution
		{B7D5F7C7-EA9F-4506-AB69-C3CD2AA8C938} = {1F14C418-7A55-4C88-985E-4219C75C5488}
		{17A60FBA-20B4-451D-98E1-8D742F368569} = {C032D6A5-9425-4C4E-A559-43067FD792C0}
		{13585226-5046-494D-947C-B97479566081} = {C032D6A5-9425-4C4E-A559-43067FD792C0}
		{9A8CDC1F-64F7-441E-849D-66F2C56600F2} = {C032D6A5-9425-4C4E-A559-43067FD792C0}
		{9D01688E-9372-4185-ADCF-D64D47F3A44A} = {C032D6A5-9425-4C4E-A559-43067FD792C0}
		{DF7F5ABD-E606-41CD-BEEF-31A95D136DEA} = {3303F7B6-36AF-43F0-AD12-217ADDE38B43}
		{D0546422-EC92-4964-82E9-8EE819A2F786} = {3303F7B6-36AF-43F0-AD12-217ADDE38B43}
		{28E4A331-ECA2-43A6-A11F-6D6A5E410434} = {3303F7B6-36AF-43F0-AD12-217ADDE38B43}
		{45BCA5F9-27E7-43C0-B021-4312BF442C7D} = {3303F7B6-36AF-43F0-AD12-217ADDE38B43}
		{D4FADB7C-0B11-4F41-A97A-146DC1F7034E} = {3303F7B6-36AF-43F0-AD12-217ADDE38B43}
		{E56B9CE4-14DC-4256-A337-46E5D298B722} = {3303F7B6-36AF-43F0-AD12-217ADDE38B43}
		{ED2E6C6E-1517-4AAD-B3C6-1B56C5CD9828} = {3303F7B6-36AF-43F0-AD12-217ADDE38B43}
		{EFE8C307-09BC-4F58-B991-6EF8FD6D5EFF} = {3303F7B6-36AF-43F0-AD12-217ADDE38B43}
		{0AF02196-DCBF-4066-AC5A-CC14525B390C} = {05BAB864-D412-476C-A592-C69E399CB15A}
		{614675F8-757D-4CFF-AE3F-75C4519DA17C} = {0AF02196-DCBF-4066-AC5A-CC14525B390C}
		{689A4771-E030-4C77-BA63-D9148F61A616} = {0AF02196-DCBF-4066-AC5A-CC14525B390C}
		{614675F8-757D-4CFF-AE3F-ABC1519DA17C} = {0AF02196-DCBF-4066-AC5A-CC14525B390C}
		{3813BB68-2237-4CC0-B911-F8113F00A4AE} = {0AF02196-DCBF-4066-AC5A-CC14525B390C}
		{CF28BB64-130D-4C5A-9031-0604F0AB01C6} = {0AF02196-DCBF-4066-AC5A-CC14525B390C}
		{1ABCC828-56E1-4388-9EF0-02F0C512AD75} = {0AF02196-DCBF-4066-AC5A-CC14525B390C}
		{FEF0E358-58E8-41A9-98FD-0E1DE0F77E12} = {0AF02196-DCBF-4066-AC5A-CC14525B390C}
		{519A47EC-F7C6-4C94-B013-305145F2E81E} = {0AF02196-DCBF-4066-AC5A-CC14525B390C}
		{6E696838-EE09-459F-B5B0-7EE0D709C3D6} = {0AF02196-DCBF-4066-AC5A-CC14525B390C}
		{FE748C89-3989-4742-811B-80F8B924FD35} = {0AF02196-DCBF-4066-AC5A-CC14525B390C}
		{09CCE864-9BAE-4660-A123-F3F3414B6173} = {0AF02196-DCBF-4066-AC5A-CC14525B390C}
		{09CCE864-12A3-4660-AFF9-F3F3434B1173} = {0AF02196-DCBF-4066-AC5A-CC14525B390C}
		{9127EC1E-239E-463E-9BDD-5B0103ABEA0F} = {0AF02196-DCBF-4066-AC5A-CC14525B390C}
		{04599CA7-506E-42E8-A041-45AD6D3B64D1} = {05BAB864-D412-476C-A592-C69E399CB15A}
		{383DE201-6871-437E-93C6-DDD41694BBAF} = {04599CA7-506E-42E8-A041-45AD6D3B64D1}
		{92405EB8-3356-435E-9969-26756C41A843} = {05BAB864-D412-476C-A592-C69E399CB15A}
		{CD6004B7-F359-4EE4-AF0D-123A0C2B5BDD} = {92405EB8-3356-435E-9969-26756C41A843}
		{BBE501CE-3A65-4E10-B70A-CA18FC81EEF4} = {05BAB864-D412-476C-A592-C69E399CB15A}
		{8BD7843E-8191-40B3-B208-75EC766A99FD} = {BBE501CE-3A65-4E10-B70A-CA18FC81EEF4}
		{D9C6B595-1F33-48F4-A87F-13C7D35F5199} = {05BAB864-D412-476C-A592-C69E399CB15A}
		{4AA85AB7-71B5-4BBE-8E39-FF45B33CC328} = {05BAB864-D412-476C-A592-C69E399CB15A}
		{09CCE864-9BAE-4660-AFF9-F3F3414B6173} = {4AA85AB7-71B5-4BBE-8E39-FF45B33CC328}
		{3CF905A3-B13B-43E2-99A2-7692C534CAD5} = {4AA85AB7-71B5-4BBE-8E39-FF45B33CC328}
		{DD9BF776-38CA-4FC9-8F42-5ED700BDE7AD} = {B1F58882-A2A7-428C-A42B-EBDC55AB4C7F}
		{8E6D8F23-623F-4204-B4AB-A088C0CD83AA} = {B1F58882-A2A7-428C-A42B-EBDC55AB4C7F}
		{DB9CA35D-9980-462A-85CC-CB33DCFD5A28} = {B1F58882-A2A7-428C-A42B-EBDC55AB4C7F}
		{332083B9-C7FD-4B04-95EC-B0C729B21883} = {B1F58882-A2A7-428C-A42B-EBDC55AB4C7F}
		{B18AEDC3-C7A5-4DA6-ABD3-E981B002ADDE} = {B1F58882-A2A7-428C-A42B-EBDC55AB4C7F}
		{6886ABB3-CE89-4537-9F2A-25F926D1840B} = {B1F58882-A2A7-428C-A42B-EBDC55AB4C7F}
		{FE981AC8-58E8-41A9-98FD-0E1DE0F77E12} = {0AF02196-DCBF-4066-AC5A-CC14525B390C}
		{D8CE9C4A-43B5-44F0-B6B7-23A4E1EE8AF7} = {05BAB864-D412-476C-A592-C69E399CB15A}
		{E1351588-3BC0-418A-BFA2-7CE3391AA167} = {D8CE9C4A-43B5-44F0-B6B7-23A4E1EE8AF7}
		{19EF28E0-A4F1-40C7-AFFC-9AC1968295A2} = {0AF02196-DCBF-4066-AC5A-CC14525B390C}
		{45EFF2BD-0BCC-4AEA-9E87-7D86D6423B0C} = {B1F58882-A2A7-428C-A42B-EBDC55AB4C7F}
		{DB8A3A70-DBF2-48E7-824C-0829DB2F8E1B} = {3A4009EF-FAE4-4514-BC3A-2161437194CE}
		{12970F63-547F-4BE6-9AF9-2F3EEB00A877} = {92405EB8-3356-435E-9969-26756C41A843}
		{757E59F0-53BF-4C0D-87B3-3329161CB148} = {B1F58882-A2A7-428C-A42B-EBDC55AB4C7F}
		{D8A961C8-75A9-4ECD-8627-C598697E7318} = {3303F7B6-36AF-43F0-AD12-217ADDE38B43}
		{76EF162B-6F5F-48B7-8C24-40FB80D9C8C1} = {0AF02196-DCBF-4066-AC5A-CC14525B390C}
		{3D867374-BF9A-475E-8F5C-E1C067605B9C} = {D9C6B595-1F33-48F4-A87F-13C7D35F5199}
		{2F74AA60-6324-4FB4-8960-7DA1BBDB8C15} = {0AF02196-DCBF-4066-AC5A-CC14525B390C}
		{0D8F577E-316D-4362-816B-9F610C5EB4A5} = {3303F7B6-36AF-43F0-AD12-217ADDE38B43}
		{9EE2FCAD-E8A4-4F14-B932-D1A4904D715D} = {3303F7B6-36AF-43F0-AD12-217ADDE38B43}
		{FF12C08F-10A2-4882-8D9D-F559E85E4518} = {D8CE9C4A-43B5-44F0-B6B7-23A4E1EE8AF7}
		{C0C92515-FC32-49B7-B128-29CC7BFA7B6C} = {3303F7B6-36AF-43F0-AD12-217ADDE38B43}
		{556AF24D-182B-4B77-A727-7E18B6488F78} = {3303F7B6-36AF-43F0-AD12-217ADDE38B43}
		{985A90C0-4E63-4B8D-BC9B-946AF1AD3132} = {92405EB8-3356-435E-9969-26756C41A843}
		{5C52E2F7-A6DD-4E3E-A31E-1B0FF34C0CC2} = {92405EB8-3356-435E-9969-26756C41A843}
	EndGlobalSection
	GlobalSection(ExtensibilityGlobals) = postSolution
		SolutionGuid = {B302C86E-A207-460C-8E9F-13EA258F7D8B}
	EndGlobalSection
EndGlobal
